
Microsoft Visual Studio Solution File, Format Version 12.00
# Visual Studio Version 17
VisualStudioVersion = 17.7.34009.444
MinimumVisualStudioVersion = 10.0.40219.1
Project("{FAE04EC0-301F-11D3-BF4B-00C04F79EFBC}") = "selectionstatementSS", "selectionstatementSS\selectionstatementSS.csproj", "{A42AB3C0-4BCC-4B95-A38B-C67B0AD12B55}"
EndProject
Project("{2150E333-8FDC-42A3-9474-1A3956D46DE8}") = "Solution Items", "Solution Items", "{C5E9E7F8-FD36-45D4-9C11-ADF731D57FF7}"
	ProjectSection(SolutionItems) = preProject
		.editorconfig = .editorconfig
	EndProjectSection
EndProject
Global
	GlobalSection(SolutionConfigurationPlatforms) = preSolution
		Debug|Any CPU = Debug|Any CPU
		Release|Any CPU = Release|Any CPU
	EndGlobalSection
	GlobalSection(ProjectConfigurationPlatforms) = postSolution
		{A42AB3C0-4BCC-4B95-A38B-C67B0AD12B55}.Debug|Any CPU.ActiveCfg = Debug|Any CPU
		{A42AB3C0-4BCC-4B95-A38B-C67B0AD12B55}.Debug|Any CPU.Build.0 = Debug|Any CPU
		{A42AB3C0-4BCC-4B95-A38B-C67B0AD12B55}.Release|Any CPU.ActiveCfg = Release|Any CPU
		{A42AB3C0-4BCC-4B95-A38B-C67B0AD12B55}.Release|Any CPU.Build.0 = Release|Any CPU
	EndGlobalSection
	GlobalSection(SolutionProperties) = preSolution
		HideSolutionNode = FALSE
	EndGlobalSection
	GlobalSection(ExtensibilityGlobals) = postSolution
		SolutionGuid = {E76324F5-2BA8-4810-AF3D-01D4F203220B}
	EndGlobalSection
EndGlobal
